
Microsoft Visual Studio Solution File, Format Version 12.00
# Visual Studio Version 17
VisualStudioVersion = 17.8.34330.188
MinimumVisualStudioVersion = 10.0.40219.1
Project("{FAE04EC0-301F-11D3-BF4B-00C04F79EFBC}") = "HandsOnAPIUsingModelValidation", "HandsOnAPIUsingModelValidation\HandsOnAPIUsingModelValidation.csproj", "{62719BC0-1ECD-4E39-B8DD-51A378028CF1}"
EndProject
Global
	GlobalSection(SolutionConfigurationPlatforms) = preSolution
		Debug|Any CPU = Debug|Any CPU
		Release|Any CPU = Release|Any CPU
	EndGlobalSection
	GlobalSection(ProjectConfigurationPlatforms) = postSolution
		{62719BC0-1ECD-4E39-B8DD-51A378028CF1}.Debug|Any CPU.ActiveCfg = Debug|Any CPU
		{62719BC0-1ECD-4E39-B8DD-51A378028CF1}.Debug|Any CPU.Build.0 = Debug|Any CPU
		{62719BC0-1ECD-4E39-B8DD-51A378028CF1}.Release|Any CPU.ActiveCfg = Release|Any CPU
		{62719BC0-1ECD-4E39-B8DD-51A378028CF1}.Release|Any CPU.Build.0 = Release|Any CPU
	EndGlobalSection
	GlobalSection(SolutionProperties) = preSolution
		HideSolutionNode = FALSE
	EndGlobalSection
	GlobalSection(ExtensibilityGlobals) = postSolution
		SolutionGuid = {B3920359-C426-4FB0-A320-27E9418B4715}
	EndGlobalSection
EndGlobal
